
Microsoft Visual Studio Solution File, Format Version 12.00
# Visual Studio 15
VisualStudioVersion = 15.0.28307.168
MinimumVisualStudioVersion = 10.0.40219.1
Project("{FAE04EC0-301F-11D3-BF4B-00C04F79EFBC}") = "C0725642_ashwinder_singh", "C0725642_ashwinder_singh\C0725642_ashwinder_singh.csproj", "{27344D54-950C-4A79-8319-DFB8A7D8C609}"
EndProject
Global
	GlobalSection(SolutionConfigurationPlatforms) = preSolution
		Debug|Any CPU = Debug|Any CPU
		Release|Any CPU = Release|Any CPU
	EndGlobalSection
	GlobalSection(ProjectConfigurationPlatforms) = postSolution
		{27344D54-950C-4A79-8319-DFB8A7D8C609}.Debug|Any CPU.ActiveCfg = Debug|Any CPU
		{27344D54-950C-4A79-8319-DFB8A7D8C609}.Debug|Any CPU.Build.0 = Debug|Any CPU
		{27344D54-950C-4A79-8319-DFB8A7D8C609}.Release|Any CPU.ActiveCfg = Release|Any CPU
		{27344D54-950C-4A79-8319-DFB8A7D8C609}.Release|Any CPU.Build.0 = Release|Any CPU
	EndGlobalSection
	GlobalSection(SolutionProperties) = preSolution
		HideSolutionNode = FALSE
	EndGlobalSection
	GlobalSection(ExtensibilityGlobals) = postSolution
		SolutionGuid = {B5595FE0-C3EA-4A81-B234-3C24366B25CC}
	EndGlobalSection
EndGlobal
